
Microsoft Visual Studio Solution File, Format Version 12.00
# Visual Studio 15
VisualStudioVersion = 15.0.27428.2002
MinimumVisualStudioVersion = 10.0.40219.1
Project("{8BC9CEB8-8B4A-11D0-8D11-00A0C91BC942}") = "WeirdEngine", "WeirdEngine\WeirdEngine.vcxproj", "{5D7AF32D-C118-4C91-962F-9F897C1415B2}"
EndProject
Global
	GlobalSection(SolutionConfigurationPlatforms) = preSolution
		Debug|x64 = Debug|x64
		Debug|x86 = Debug|x86
		Release|x64 = Release|x64
		Release|x86 = Release|x86
	EndGlobalSection
	GlobalSection(ProjectConfigurationPlatforms) = postSolution
		{5D7AF32D-C118-4C91-962F-9F897C1415B2}.Debug|x64.ActiveCfg = Debug|x64
		{5D7AF32D-C118-4C91-962F-9F897C1415B2}.Debug|x64.Build.0 = Debug|x64
		{5D7AF32D-C118-4C91-962F-9F897C1415B2}.Debug|x86.ActiveCfg = Debug|Win32
		{5D7AF32D-C118-4C91-962F-9F897C1415B2}.Debug|x86.Build.0 = Debug|Win32
		{5D7AF32D-C118-4C91-962F-9F897C1415B2}.Release|x64.ActiveCfg = Release|x64
		{5D7AF32D-C118-4C91-962F-9F897C1415B2}.Release|x64.Build.0 = Release|x64
		{5D7AF32D-C118-4C91-962F-9F897C1415B2}.Release|x86.ActiveCfg = Release|Win32
		{5D7AF32D-C118-4C91-962F-9F897C1415B2}.Release|x86.Build.0 = Release|Win32
	EndGlobalSection
	GlobalSection(SolutionProperties) = preSolution
		HideSolutionNode = FALSE
	EndGlobalSection
	GlobalSection(ExtensibilityGlobals) = postSolution
		SolutionGuid = {085170E1-0CBB-4DC8-8243-D5B70539B79B}
	EndGlobalSection
EndGlobal
